{
  "name": "web_practice",
  "lockfileVersion": 3,
  "requires": true,
  "packages": {
    "": {
      "dependencies": {
        "lucide": "^0.552.0"
      }
    },
    "node_modules/lucide": {
      "version": "0.552.0",
      "resolved": "https://registry.npmjs.org/lucide/-/lucide-0.552.0.tgz",
      "integrity": "sha512-f9PSKLsd4TtGRnRnbqZ2IMKQ2tfCA/dwHaZHysmB3LAF8uRi2GB35iy6S/kjcdvglDrueUdpu50ZDBoB21WT2g==",
      "license": "ISC"
    }
  }
}
